
Microsoft Visual Studio Solution File, Format Version 12.00
# Visual Studio Version 16
VisualStudioVersion = 16.0.28902.138
MinimumVisualStudioVersion = 10.0.40219.1
Project("{8BC9CEB8-8B4A-11D0-8D11-00A0C91BC942}") = "Aergis", "Aergis\Aergis.vcxproj", "{D3827245-7D39-4F4F-BE05-D143A50BD7A0}"
EndProject
Project("{8BC9CEB8-8B4A-11D0-8D11-00A0C91BC942}") = "Lexer", "Lexer\Lexer.vcxproj", "{E723EB38-47F6-47C7-B3E1-9A9C79C00A90}"
EndProject
Project("{8BC9CEB8-8B4A-11D0-8D11-00A0C91BC942}") = "IO", "IO\IO.vcxproj", "{8CD9696D-8BFE-4B49-8805-DA17C8B6FEED}"
EndProject
Project("{8BC9CEB8-8B4A-11D0-8D11-00A0C91BC942}") = "Visitors", "Visitors\Visitors.vcxproj", "{C013B8F8-C6AD-4D1E-AC38-0E803488E3CD}"
EndProject
Project("{8BC9CEB8-8B4A-11D0-8D11-00A0C91BC942}") = "AntlrUtilities", "AntlrUtilities\AntlrUtilities.vcxproj", "{208BA459-6C17-4945-B31B-A55DD6AFE279}"
EndProject
Project("{8BC9CEB8-8B4A-11D0-8D11-00A0C91BC942}") = "DataStructures", "DataStructures\DataStructures.vcxproj", "{1B49FA52-D1C9-4066-AF5C-5624155CC721}"
EndProject
Project("{8BC9CEB8-8B4A-11D0-8D11-00A0C91BC942}") = "antlr", "antlr\antlr.vcxproj", "{83BE66CD-9C4F-4F84-B72A-DD1855C8FC8A}"
EndProject
Project("{8BC9CEB8-8B4A-11D0-8D11-00A0C91BC942}") = "VisitorsTests", "VisitorsTests\VisitorsTests.vcxproj", "{BA0836B0-4B98-4D9E-A398-0FC688B981DE}"
EndProject
Project("{8BC9CEB8-8B4A-11D0-8D11-00A0C91BC942}") = "MetaProgramming", "MetaProgramming\MetaProgramming.vcxproj", "{7CD6E1EC-FB62-44DD-98ED-81169C1F1C7D}"
EndProject
Project("{8BC9CEB8-8B4A-11D0-8D11-00A0C91BC942}") = "Functions", "Functions\Functions.vcxproj", "{B0731F6A-2DC4-4010-BD70-C6E12E457F5C}"
EndProject
Project("{8BC9CEB8-8B4A-11D0-8D11-00A0C91BC942}") = "Configuration", "Configuration\Configuration.vcxproj", "{7A161AC3-8563-4B28-BC48-61D77AC0DBD7}"
EndProject
Global
	GlobalSection(SolutionConfigurationPlatforms) = preSolution
		Debug|x64 = Debug|x64
		Debug|x86 = Debug|x86
		Release|x64 = Release|x64
		Release|x86 = Release|x86
	EndGlobalSection
	GlobalSection(ProjectConfigurationPlatforms) = postSolution
		{D3827245-7D39-4F4F-BE05-D143A50BD7A0}.Debug|x64.ActiveCfg = Debug|x64
		{D3827245-7D39-4F4F-BE05-D143A50BD7A0}.Debug|x64.Build.0 = Debug|x64
		{D3827245-7D39-4F4F-BE05-D143A50BD7A0}.Debug|x86.ActiveCfg = Debug|Win32
		{D3827245-7D39-4F4F-BE05-D143A50BD7A0}.Debug|x86.Build.0 = Debug|Win32
		{D3827245-7D39-4F4F-BE05-D143A50BD7A0}.Release|x64.ActiveCfg = Release|x64
		{D3827245-7D39-4F4F-BE05-D143A50BD7A0}.Release|x64.Build.0 = Release|x64
		{D3827245-7D39-4F4F-BE05-D143A50BD7A0}.Release|x86.ActiveCfg = Release|Win32
		{D3827245-7D39-4F4F-BE05-D143A50BD7A0}.Release|x86.Build.0 = Release|Win32
		{E723EB38-47F6-47C7-B3E1-9A9C79C00A90}.Debug|x64.ActiveCfg = Debug|x64
		{E723EB38-47F6-47C7-B3E1-9A9C79C00A90}.Debug|x64.Build.0 = Debug|x64
		{E723EB38-47F6-47C7-B3E1-9A9C79C00A90}.Debug|x86.ActiveCfg = Debug|Win32
		{E723EB38-47F6-47C7-B3E1-9A9C79C00A90}.Debug|x86.Build.0 = Debug|Win32
		{E723EB38-47F6-47C7-B3E1-9A9C79C00A90}.Release|x64.ActiveCfg = Release|x64
		{E723EB38-47F6-47C7-B3E1-9A9C79C00A90}.Release|x64.Build.0 = Release|x64
		{E723EB38-47F6-47C7-B3E1-9A9C79C00A90}.Release|x86.ActiveCfg = Release|Win32
		{E723EB38-47F6-47C7-B3E1-9A9C79C00A90}.Release|x86.Build.0 = Release|Win32
		{8CD9696D-8BFE-4B49-8805-DA17C8B6FEED}.Debug|x64.ActiveCfg = Debug|x64
		{8CD9696D-8BFE-4B49-8805-DA17C8B6FEED}.Debug|x64.Build.0 = Debug|x64
		{8CD9696D-8BFE-4B49-8805-DA17C8B6FEED}.Debug|x86.ActiveCfg = Debug|Win32
		{8CD9696D-8BFE-4B49-8805-DA17C8B6FEED}.Debug|x86.Build.0 = Debug|Win32
		{8CD9696D-8BFE-4B49-8805-DA17C8B6FEED}.Release|x64.ActiveCfg = Release|x64
		{8CD9696D-8BFE-4B49-8805-DA17C8B6FEED}.Release|x64.Build.0 = Release|x64
		{8CD9696D-8BFE-4B49-8805-DA17C8B6FEED}.Release|x86.ActiveCfg = Release|Win32
		{8CD9696D-8BFE-4B49-8805-DA17C8B6FEED}.Release|x86.Build.0 = Release|Win32
		{C013B8F8-C6AD-4D1E-AC38-0E803488E3CD}.Debug|x64.ActiveCfg = Debug|x64
		{C013B8F8-C6AD-4D1E-AC38-0E803488E3CD}.Debug|x64.Build.0 = Debug|x64
		{C013B8F8-C6AD-4D1E-AC38-0E803488E3CD}.Debug|x86.ActiveCfg = Debug|Win32
		{C013B8F8-C6AD-4D1E-AC38-0E803488E3CD}.Debug|x86.Build.0 = Debug|Win32
		{C013B8F8-C6AD-4D1E-AC38-0E803488E3CD}.Release|x64.ActiveCfg = Release|x64
		{C013B8F8-C6AD-4D1E-AC38-0E803488E3CD}.Release|x64.Build.0 = Release|x64
		{C013B8F8-C6AD-4D1E-AC38-0E803488E3CD}.Release|x86.ActiveCfg = Release|Win32
		{C013B8F8-C6AD-4D1E-AC38-0E803488E3CD}.Release|x86.Build.0 = Release|Win32
		{208BA459-6C17-4945-B31B-A55DD6AFE279}.Debug|x64.ActiveCfg = Debug|x64
		{208BA459-6C17-4945-B31B-A55DD6AFE279}.Debug|x64.Build.0 = Debug|x64
		{208BA459-6C17-4945-B31B-A55DD6AFE279}.Debug|x86.ActiveCfg = Debug|Win32
		{208BA459-6C17-4945-B31B-A55DD6AFE279}.Debug|x86.Build.0 = Debug|Win32
		{208BA459-6C17-4945-B31B-A55DD6AFE279}.Release|x64.ActiveCfg = Release|x64
		{208BA459-6C17-4945-B31B-A55DD6AFE279}.Release|x64.Build.0 = Release|x64
		{208BA459-6C17-4945-B31B-A55DD6AFE279}.Release|x86.ActiveCfg = Release|Win32
		{208BA459-6C17-4945-B31B-A55DD6AFE279}.Release|x86.Build.0 = Release|Win32
		{1B49FA52-D1C9-4066-AF5C-5624155CC721}.Debug|x64.ActiveCfg = Debug|x64
		{1B49FA52-D1C9-4066-AF5C-5624155CC721}.Debug|x64.Build.0 = Debug|x64
		{1B49FA52-D1C9-4066-AF5C-5624155CC721}.Debug|x86.ActiveCfg = Debug|Win32
		{1B49FA52-D1C9-4066-AF5C-5624155CC721}.Debug|x86.Build.0 = Debug|Win32
		{1B49FA52-D1C9-4066-AF5C-5624155CC721}.Release|x64.ActiveCfg = Release|x64
		{1B49FA52-D1C9-4066-AF5C-5624155CC721}.Release|x64.Build.0 = Release|x64
		{1B49FA52-D1C9-4066-AF5C-5624155CC721}.Release|x86.ActiveCfg = Release|Win32
		{1B49FA52-D1C9-4066-AF5C-5624155CC721}.Release|x86.Build.0 = Release|Win32
		{83BE66CD-9C4F-4F84-B72A-DD1855C8FC8A}.Debug|x64.ActiveCfg = Debug Static|x64
		{83BE66CD-9C4F-4F84-B72A-DD1855C8FC8A}.Debug|x64.Build.0 = Debug Static|x64
		{83BE66CD-9C4F-4F84-B72A-DD1855C8FC8A}.Debug|x86.ActiveCfg = Debug Static|Win32
		{83BE66CD-9C4F-4F84-B72A-DD1855C8FC8A}.Debug|x86.Build.0 = Debug Static|Win32
		{83BE66CD-9C4F-4F84-B72A-DD1855C8FC8A}.Release|x64.ActiveCfg = Release Static|x64
		{83BE66CD-9C4F-4F84-B72A-DD1855C8FC8A}.Release|x64.Build.0 = Release Static|x64
		{83BE66CD-9C4F-4F84-B72A-DD1855C8FC8A}.Release|x86.ActiveCfg = Release Static|Win32
		{83BE66CD-9C4F-4F84-B72A-DD1855C8FC8A}.Release|x86.Build.0 = Release Static|Win32
		{BA0836B0-4B98-4D9E-A398-0FC688B981DE}.Debug|x64.ActiveCfg = Debug|x64
		{BA0836B0-4B98-4D9E-A398-0FC688B981DE}.Debug|x64.Build.0 = Debug|x64
		{BA0836B0-4B98-4D9E-A398-0FC688B981DE}.Debug|x86.ActiveCfg = Debug|Win32
		{BA0836B0-4B98-4D9E-A398-0FC688B981DE}.Debug|x86.Build.0 = Debug|Win32
		{BA0836B0-4B98-4D9E-A398-0FC688B981DE}.Release|x64.ActiveCfg = Release|x64
		{BA0836B0-4B98-4D9E-A398-0FC688B981DE}.Release|x64.Build.0 = Release|x64
		{BA0836B0-4B98-4D9E-A398-0FC688B981DE}.Release|x86.ActiveCfg = Release|Win32
		{BA0836B0-4B98-4D9E-A398-0FC688B981DE}.Release|x86.Build.0 = Release|Win32
		{7CD6E1EC-FB62-44DD-98ED-81169C1F1C7D}.Debug|x64.ActiveCfg = Debug|x64
		{7CD6E1EC-FB62-44DD-98ED-81169C1F1C7D}.Debug|x64.Build.0 = Debug|x64
		{7CD6E1EC-FB62-44DD-98ED-81169C1F1C7D}.Debug|x86.ActiveCfg = Debug|Win32
		{7CD6E1EC-FB62-44DD-98ED-81169C1F1C7D}.Debug|x86.Build.0 = Debug|Win32
		{7CD6E1EC-FB62-44DD-98ED-81169C1F1C7D}.Release|x64.ActiveCfg = Release|x64
		{7CD6E1EC-FB62-44DD-98ED-81169C1F1C7D}.Release|x64.Build.0 = Release|x64
		{7CD6E1EC-FB62-44DD-98ED-81169C1F1C7D}.Release|x86.ActiveCfg = Release|Win32
		{7CD6E1EC-FB62-44DD-98ED-81169C1F1C7D}.Release|x86.Build.0 = Release|Win32
		{B0731F6A-2DC4-4010-BD70-C6E12E457F5C}.Debug|x64.ActiveCfg = Debug|x64
		{B0731F6A-2DC4-4010-BD70-C6E12E457F5C}.Debug|x64.Build.0 = Debug|x64
		{B0731F6A-2DC4-4010-BD70-C6E12E457F5C}.Debug|x86.ActiveCfg = Debug|Win32
		{B0731F6A-2DC4-4010-BD70-C6E12E457F5C}.Debug|x86.Build.0 = Debug|Win32
		{B0731F6A-2DC4-4010-BD70-C6E12E457F5C}.Release|x64.ActiveCfg = Release|x64
		{B0731F6A-2DC4-4010-BD70-C6E12E457F5C}.Release|x64.Build.0 = Release|x64
		{B0731F6A-2DC4-4010-BD70-C6E12E457F5C}.Release|x86.ActiveCfg = Release|Win32
		{B0731F6A-2DC4-4010-BD70-C6E12E457F5C}.Release|x86.Build.0 = Release|Win32
		{7A161AC3-8563-4B28-BC48-61D77AC0DBD7}.Debug|x64.ActiveCfg = Debug|x64
		{7A161AC3-8563-4B28-BC48-61D77AC0DBD7}.Debug|x64.Build.0 = Debug|x64
		{7A161AC3-8563-4B28-BC48-61D77AC0DBD7}.Debug|x86.ActiveCfg = Debug|Win32
		{7A161AC3-8563-4B28-BC48-61D77AC0DBD7}.Debug|x86.Build.0 = Debug|Win32
		{7A161AC3-8563-4B28-BC48-61D77AC0DBD7}.Release|x64.ActiveCfg = Release|x64
		{7A161AC3-8563-4B28-BC48-61D77AC0DBD7}.Release|x64.Build.0 = Release|x64
		{7A161AC3-8563-4B28-BC48-61D77AC0DBD7}.Release|x86.ActiveCfg = Release|Win32
		{7A161AC3-8563-4B28-BC48-61D77AC0DBD7}.Release|x86.Build.0 = Release|Win32
	EndGlobalSection
	GlobalSection(SolutionProperties) = preSolution
		HideSolutionNode = FALSE
	EndGlobalSection
	GlobalSection(ExtensibilityGlobals) = postSolution
		SolutionGuid = {431DE8A9-5460-4F79-997B-86C937C8503E}
	EndGlobalSection
EndGlobal
