<?xml version="1.0" encoding="utf-8"?>
<Project ToolsVersion="4.0" xmlns="http://schemas.microsoft.com/developer/msbuild/2003">
  <ItemGroup>
    <Filter Include="Source Files">
      <UniqueIdentifier>{4FC737F1-C7A5-4376-A066-2A32D752A2FF}</UniqueIdentifier>
      <Extensions>cpp;c;cc;cxx;def;odl;idl;hpj;bat;asm;asmx</Extensions>
    </Filter>
    <Filter Include="Header Files">
      <UniqueIdentifier>{93995380-89BD-4b04-88EB-625FBE52EBFB}</UniqueIdentifier>
      <Extensions>h;hh;hpp;hxx;hm;inl;inc;ipp;xsd</Extensions>
    </Filter>
    <Filter Include="Resource Files">
      <UniqueIdentifier>{67DA6AB6-F800-4c08-8B7A-83BB121AAD01}</UniqueIdentifier>
      <Extensions>rc;ico;cur;bmp;dlg;rc2;rct;bin;rgs;gif;jpg;jpeg;jpe;resx;tiff;tif;png;wav;mfcribbon-ms</Extensions>
    </Filter>
    <Filter Include="Header Files\Concepts">
      <UniqueIdentifier>{608cf10b-ea29-4ec4-b008-31cb3e3bb22d}</UniqueIdentifier>
    </Filter>
  </ItemGroup>
  <ItemGroup>
    <ClInclude Include="framework.h">
      <Filter>Header Files</Filter>
    </ClInclude>
    <ClInclude Include="pch.h">
      <Filter>Header Files</Filter>
    </ClInclude>
    <ClInclude Include="NamespaceContext.hpp">
      <Filter>Header Files</Filter>
    </ClInclude>
    <ClInclude Include="IContext.hpp">
      <Filter>Header Files</Filter>
    </ClInclude>
    <ClInclude Include="ClassContext.hpp">
      <Filter>Header Files</Filter>
    </ClInclude>
    <ClInclude Include="MethodContext.hpp">
      <Filter>Header Files</Filter>
    </ClInclude>
    <ClInclude Include="VariableContext.hpp">
      <Filter>Header Files</Filter>
    </ClInclude>
    <ClInclude Include="MemberAccessibility.hpp">
      <Filter>Header Files</Filter>
    </ClInclude>
    <ClInclude Include="BaseClassContext.hpp">
      <Filter>Header Files</Filter>
    </ClInclude>
    <ClInclude Include="TypeAlias.hpp">
      <Filter>Header Files</Filter>
    </ClInclude>
    <ClInclude Include="QualifiedName.hpp">
      <Filter>Header Files</Filter>
    </ClInclude>
    <ClInclude Include="ITypeImportable.hpp">
      <Filter>Header Files</Filter>
    </ClInclude>
    <ClInclude Include="INamespaceImportable.hpp">
      <Filter>Header Files</Filter>
    </ClInclude>
    <ClInclude Include="Contains.hpp">
      <Filter>Header Files</Filter>
    </ClInclude>
    <ClInclude Include="Resolver.hpp">
      <Filter>Header Files</Filter>
    </ClInclude>
    <ClInclude Include="Aliases.hpp">
      <Filter>Header Files</Filter>
    </ClInclude>
    <ClInclude Include="HasResolveInContents.hpp">
      <Filter>Header Files\Concepts</Filter>
    </ClInclude>
    <ClInclude Include="HasResolveInImports.hpp">
      <Filter>Header Files\Concepts</Filter>
    </ClInclude>
    <ClInclude Include="Imports.hpp">
      <Filter>Header Files</Filter>
    </ClInclude>
    <ClInclude Include="HasResolveInAliases.hpp">
      <Filter>Header Files\Concepts</Filter>
    </ClInclude>
    <ClInclude Include="UnconfirmedReference.hpp">
      <Filter>Header Files</Filter>
    </ClInclude>
  </ItemGroup>
  <ItemGroup>
    <ClCompile Include="pch.cpp">
      <Filter>Source Files</Filter>
    </ClCompile>
    <ClCompile Include="ClassContext.cpp">
      <Filter>Source Files</Filter>
    </ClCompile>
    <ClCompile Include="MethodContext.cpp">
      <Filter>Source Files</Filter>
    </ClCompile>
    <ClCompile Include="VariableContext.cpp">
      <Filter>Source Files</Filter>
    </ClCompile>
    <ClCompile Include="MemberAccessibility.cpp">
      <Filter>Source Files</Filter>
    </ClCompile>
    <ClCompile Include="BaseClassContext.cpp">
      <Filter>Source Files</Filter>
    </ClCompile>
    <ClCompile Include="NamespaceContext.cpp">
      <Filter>Source Files</Filter>
    </ClCompile>
    <ClCompile Include="IContext.cpp">
      <Filter>Source Files</Filter>
    </ClCompile>
    <ClCompile Include="QualifiedName.cpp">
      <Filter>Source Files</Filter>
    </ClCompile>
    <ClCompile Include="INamespaceImportable.cpp">
      <Filter>Source Files</Filter>
    </ClCompile>
    <ClCompile Include="ITypeImportable.cpp">
      <Filter>Source Files</Filter>
    </ClCompile>
    <ClCompile Include="Resolver.cpp">
      <Filter>Source Files</Filter>
    </ClCompile>
  </ItemGroup>
  <ItemGroup>
    <None Include="packages.config" />
  </ItemGroup>
</Project>